
Microsoft Visual Studio Solution File, Format Version 12.00
Project("{FAE04EC0-301F-11D3-BF4B-00C04F79EFBC}") = "SimpleServiceLib", "SimpleServiceLib\SimpleServiceLib.csproj", "{B2F04CDA-0933-4A92-8C19-E2A35BC0F6DB}"
EndProject
Project("{FAE04EC0-301F-11D3-BF4B-00C04F79EFBC}") = "SimpleServiceLib.Tests", "SimpleServiceLib.Tests\SimpleServiceLib.Tests.csproj", "{39D3F391-5B71-4321-BF6C-C507F7746912}"
EndProject
Global
	GlobalSection(SolutionConfigurationPlatforms) = preSolution
		Debug|Any CPU = Debug|Any CPU
		Release|Any CPU = Release|Any CPU
	EndGlobalSection
	GlobalSection(ProjectConfigurationPlatforms) = postSolution
		{B2F04CDA-0933-4A92-8C19-E2A35BC0F6DB}.Debug|Any CPU.ActiveCfg = Debug|Any CPU
		{B2F04CDA-0933-4A92-8C19-E2A35BC0F6DB}.Debug|Any CPU.Build.0 = Debug|Any CPU
		{B2F04CDA-0933-4A92-8C19-E2A35BC0F6DB}.Release|Any CPU.ActiveCfg = Release|Any CPU
		{B2F04CDA-0933-4A92-8C19-E2A35BC0F6DB}.Release|Any CPU.Build.0 = Release|Any CPU
		{39D3F391-5B71-4321-BF6C-C507F7746912}.Debug|Any CPU.ActiveCfg = Debug|Any CPU
		{39D3F391-5B71-4321-BF6C-C507F7746912}.Debug|Any CPU.Build.0 = Debug|Any CPU
		{39D3F391-5B71-4321-BF6C-C507F7746912}.Release|Any CPU.ActiveCfg = Release|Any CPU
		{39D3F391-5B71-4321-BF6C-C507F7746912}.Release|Any CPU.Build.0 = Release|Any CPU
	EndGlobalSection
EndGlobal
